// !$*UTF8*$!
{
	archiveVersion = 1;
	classes = {
	};
	objectVersion = 55;
	objects = {

/* Begin PBXBuildFile section */
		23BD8AF868310680D9CD75E7 /* Pods_Messenger.framework in Frameworks */ = {isa = PBXBuildFile; fileRef = 580924D15B3A730460B00BD7 /* Pods_Messenger.framework */; };
		CE1198ED29CEC8A200BA3207 /* ChatViewController.swift in Sources */ = {isa = PBXBuildFile; fileRef = CE1198EC29CEC8A200BA3207 /* ChatViewController.swift */; };
		CE2EF63329D1D390008D48C7 /* MessageKitDefaults.swift in Sources */ = {isa = PBXBuildFile; fileRef = CE2EF63229D1D390008D48C7 /* MessageKitDefaults.swift */; };
		CE2EF63529D1D883008D48C7 /* MkMessage.swift in Sources */ = {isa = PBXBuildFile; fileRef = CE2EF63429D1D883008D48C7 /* MkMessage.swift */; };
		CE2EF63729D1E2FC008D48C7 /* LocalMessage.swift in Sources */ = {isa = PBXBuildFile; fileRef = CE2EF63629D1E2FC008D48C7 /* LocalMessage.swift */; };
		CE6882B329D0189C00897121 /* Realm in Frameworks */ = {isa = PBXBuildFile; productRef = CE6882B229D0189C00897121 /* Realm */; };
		CE6882B529D0189C00897121 /* RealmSwift in Frameworks */ = {isa = PBXBuildFile; productRef = CE6882B429D0189C00897121 /* RealmSwift */; };
		CE6882B729D0518D00897121 /* MessageDataSource.swift in Sources */ = {isa = PBXBuildFile; fileRef = CE6882B629D0518D00897121 /* MessageDataSource.swift */; };
		CE6882BA29D051C400897121 /* MessageCellDelegate.swift in Sources */ = {isa = PBXBuildFile; fileRef = CE6882B929D051C400897121 /* MessageCellDelegate.swift */; };
		CE6882BC29D051EA00897121 /* MessageDisplayDelegate.swift in Sources */ = {isa = PBXBuildFile; fileRef = CE6882BB29D051EA00897121 /* MessageDisplayDelegate.swift */; };
		CE6882BE29D0520200897121 /* MessageLayoutDelegate.swift in Sources */ = {isa = PBXBuildFile; fileRef = CE6882BD29D0520200897121 /* MessageLayoutDelegate.swift */; };
		CE6882C029D0522700897121 /* InputBarAccessoryViewDelegate.swift in Sources */ = {isa = PBXBuildFile; fileRef = CE6882BF29D0522700897121 /* InputBarAccessoryViewDelegate.swift */; };
		CE6A448B29C4B31B001A7DAF /* EditProfileTableViewController.swift in Sources */ = {isa = PBXBuildFile; fileRef = CE6A448A29C4B31B001A7DAF /* EditProfileTableViewController.swift */; };
		CE773ED429C3567F00629DE3 /* SettingsTableViewController.swift in Sources */ = {isa = PBXBuildFile; fileRef = CE773ED329C3567F00629DE3 /* SettingsTableViewController.swift */; };
		CE91D45E29BDBF3D002B88CB /* User.swift in Sources */ = {isa = PBXBuildFile; fileRef = CE91D45D29BDBF3D002B88CB /* User.swift */; };
		CE91D46329BDC158002B88CB /* Constant.swift in Sources */ = {isa = PBXBuildFile; fileRef = CE91D46229BDC158002B88CB /* Constant.swift */; };
		CE91D46529BDC469002B88CB /* FCollectionReference.swift in Sources */ = {isa = PBXBuildFile; fileRef = CE91D46429BDC468002B88CB /* FCollectionReference.swift */; };
		CE91D46829BDF1F7002B88CB /* FirebaseUserListener.swift in Sources */ = {isa = PBXBuildFile; fileRef = CE91D46729BDF1F7002B88CB /* FirebaseUserListener.swift */; };
		CE9E465F29C7733800557199 /* UserTableViewCell.swift in Sources */ = {isa = PBXBuildFile; fileRef = CE9E465E29C7733800557199 /* UserTableViewCell.swift */; };
		CE9E466129C7736300557199 /* UsersTableViewController.swift in Sources */ = {isa = PBXBuildFile; fileRef = CE9E466029C7736300557199 /* UsersTableViewController.swift */; };
		CEACE64B29C8A3C900F4DCE1 /* ProfileTableViewController.swift in Sources */ = {isa = PBXBuildFile; fileRef = CEACE64A29C8A3C900F4DCE1 /* ProfileTableViewController.swift */; };
		CEB076ED29D2BF6700E5EB06 /* RealmManager.swift in Sources */ = {isa = PBXBuildFile; fileRef = CEB076EC29D2BF6700E5EB06 /* RealmManager.swift */; };
		CEB3908829C5DF0F00BF8FF2 /* FileStorage.swift in Sources */ = {isa = PBXBuildFile; fileRef = CEB3908729C5DF0F00BF8FF2 /* FileStorage.swift */; };
		CEB3908A29C62AE200BF8FF2 /* GlobalFunctions.swift in Sources */ = {isa = PBXBuildFile; fileRef = CEB3908929C62AE200BF8FF2 /* GlobalFunctions.swift */; };
		CEC0564729CD681100171288 /* ChatsTableViewController.swift in Sources */ = {isa = PBXBuildFile; fileRef = CEC0564629CD681100171288 /* ChatsTableViewController.swift */; };
		CECCA85029D4107200A4EBA9 /* FirebaseMessageListener.swift in Sources */ = {isa = PBXBuildFile; fileRef = CECCA84F29D4107200A4EBA9 /* FirebaseMessageListener.swift */; };
		CEE7766529C9ED410082E3E2 /* RecentChat.swift in Sources */ = {isa = PBXBuildFile; fileRef = CEE7766429C9ED410082E3E2 /* RecentChat.swift */; };
		CEE7766729CA14D40082E3E2 /* RecentTableViewCell.swift in Sources */ = {isa = PBXBuildFile; fileRef = CEE7766629CA14D40082E3E2 /* RecentTableViewCell.swift */; };
		CEE9C8F329BCA468005F51A0 /* AppDelegate.swift in Sources */ = {isa = PBXBuildFile; fileRef = CEE9C8F229BCA468005F51A0 /* AppDelegate.swift */; };
		CEE9C8F529BCA468005F51A0 /* SceneDelegate.swift in Sources */ = {isa = PBXBuildFile; fileRef = CEE9C8F429BCA468005F51A0 /* SceneDelegate.swift */; };
		CEE9C8F729BCA468005F51A0 /* LoginViewController.swift in Sources */ = {isa = PBXBuildFile; fileRef = CEE9C8F629BCA468005F51A0 /* LoginViewController.swift */; };
		CEE9C8FA29BCA468005F51A0 /* Main.storyboard in Resources */ = {isa = PBXBuildFile; fileRef = CEE9C8F829BCA468005F51A0 /* Main.storyboard */; };
		CEE9C8FC29BCA46A005F51A0 /* Assets.xcassets in Resources */ = {isa = PBXBuildFile; fileRef = CEE9C8FB29BCA46A005F51A0 /* Assets.xcassets */; };
		CEE9C8FF29BCA46A005F51A0 /* LaunchScreen.storyboard in Resources */ = {isa = PBXBuildFile; fileRef = CEE9C8FD29BCA46A005F51A0 /* LaunchScreen.storyboard */; };
		CEE9C90729BCB353005F51A0 /* GoogleService-Info.plist in Resources */ = {isa = PBXBuildFile; fileRef = CEE9C90629BCB350005F51A0 /* GoogleService-Info.plist */; };
		CEED025A29D2DE18006EF2DF /* OutgoingMessage.swift in Sources */ = {isa = PBXBuildFile; fileRef = CEED025929D2DE18006EF2DF /* OutgoingMessage.swift */; };
		CEF209D729CAD98600523AA7 /* StartChat.swift in Sources */ = {isa = PBXBuildFile; fileRef = CEF209D629CAD98600523AA7 /* StartChat.swift */; };
		CEF209D929CADEC300523AA7 /* FirebaseRecentListener.swift in Sources */ = {isa = PBXBuildFile; fileRef = CEF209D829CADEC300523AA7 /* FirebaseRecentListener.swift */; };
		CEFAB41E29C6F668007E478A /* Extensions.swift in Sources */ = {isa = PBXBuildFile; fileRef = CEFAB41D29C6F668007E478A /* Extensions.swift */; };
		CEFAB42029C7204E007E478A /* Status.swift in Sources */ = {isa = PBXBuildFile; fileRef = CEFAB41F29C7204E007E478A /* Status.swift */; };
		CEFAB42229C72650007E478A /* StatusTableViewController.swift in Sources */ = {isa = PBXBuildFile; fileRef = CEFAB42129C72650007E478A /* StatusTableViewController.swift */; };
/* End PBXBuildFile section */

/* Begin PBXFileReference section */
		3085B3B9AEF3163C24573514 /* Pods-Messenger.debug.xcconfig */ = {isa = PBXFileReference; includeInIndex = 1; lastKnownFileType = text.xcconfig; name = "Pods-Messenger.debug.xcconfig"; path = "Target Support Files/Pods-Messenger/Pods-Messenger.debug.xcconfig"; sourceTree = "<group>"; };
		43658DC4D63099FB9F85336F /* Pods-Messenger.release.xcconfig */ = {isa = PBXFileReference; includeInIndex = 1; lastKnownFileType = text.xcconfig; name = "Pods-Messenger.release.xcconfig"; path = "Target Support Files/Pods-Messenger/Pods-Messenger.release.xcconfig"; sourceTree = "<group>"; };
		580924D15B3A730460B00BD7 /* Pods_Messenger.framework */ = {isa = PBXFileReference; explicitFileType = wrapper.framework; includeInIndex = 0; path = Pods_Messenger.framework; sourceTree = BUILT_PRODUCTS_DIR; };
		CE1198EC29CEC8A200BA3207 /* ChatViewController.swift */ = {isa = PBXFileReference; lastKnownFileType = sourcecode.swift; path = ChatViewController.swift; sourceTree = "<group>"; };
		CE2EF63229D1D390008D48C7 /* MessageKitDefaults.swift */ = {isa = PBXFileReference; lastKnownFileType = sourcecode.swift; path = MessageKitDefaults.swift; sourceTree = "<group>"; };
		CE2EF63429D1D883008D48C7 /* MkMessage.swift */ = {isa = PBXFileReference; lastKnownFileType = sourcecode.swift; path = MkMessage.swift; sourceTree = "<group>"; };
		CE2EF63629D1E2FC008D48C7 /* LocalMessage.swift */ = {isa = PBXFileReference; lastKnownFileType = sourcecode.swift; path = LocalMessage.swift; sourceTree = "<group>"; };
		CE6882B629D0518D00897121 /* MessageDataSource.swift */ = {isa = PBXFileReference; lastKnownFileType = sourcecode.swift; path = MessageDataSource.swift; sourceTree = "<group>"; };
		CE6882B929D051C400897121 /* MessageCellDelegate.swift */ = {isa = PBXFileReference; lastKnownFileType = sourcecode.swift; path = MessageCellDelegate.swift; sourceTree = "<group>"; };
		CE6882BB29D051EA00897121 /* MessageDisplayDelegate.swift */ = {isa = PBXFileReference; lastKnownFileType = sourcecode.swift; path = MessageDisplayDelegate.swift; sourceTree = "<group>"; };
		CE6882BD29D0520200897121 /* MessageLayoutDelegate.swift */ = {isa = PBXFileReference; lastKnownFileType = sourcecode.swift; path = MessageLayoutDelegate.swift; sourceTree = "<group>"; };
		CE6882BF29D0522700897121 /* InputBarAccessoryViewDelegate.swift */ = {isa = PBXFileReference; lastKnownFileType = sourcecode.swift; path = InputBarAccessoryViewDelegate.swift; sourceTree = "<group>"; };
		CE6A448A29C4B31B001A7DAF /* EditProfileTableViewController.swift */ = {isa = PBXFileReference; lastKnownFileType = sourcecode.swift; path = EditProfileTableViewController.swift; sourceTree = "<group>"; };
		CE773ED329C3567F00629DE3 /* SettingsTableViewController.swift */ = {isa = PBXFileReference; lastKnownFileType = sourcecode.swift; path = SettingsTableViewController.swift; sourceTree = "<group>"; };
		CE91D45D29BDBF3D002B88CB /* User.swift */ = {isa = PBXFileReference; lastKnownFileType = sourcecode.swift; path = User.swift; sourceTree = "<group>"; };
		CE91D46229BDC158002B88CB /* Constant.swift */ = {isa = PBXFileReference; lastKnownFileType = sourcecode.swift; path = Constant.swift; sourceTree = "<group>"; };
		CE91D46429BDC468002B88CB /* FCollectionReference.swift */ = {isa = PBXFileReference; lastKnownFileType = sourcecode.swift; path = FCollectionReference.swift; sourceTree = "<group>"; };
		CE91D46729BDF1F7002B88CB /* FirebaseUserListener.swift */ = {isa = PBXFileReference; lastKnownFileType = sourcecode.swift; path = FirebaseUserListener.swift; sourceTree = "<group>"; };
		CE9E465E29C7733800557199 /* UserTableViewCell.swift */ = {isa = PBXFileReference; lastKnownFileType = sourcecode.swift; path = UserTableViewCell.swift; sourceTree = "<group>"; };
		CE9E466029C7736300557199 /* UsersTableViewController.swift */ = {isa = PBXFileReference; lastKnownFileType = sourcecode.swift; path = UsersTableViewController.swift; sourceTree = "<group>"; };
		CEACE64A29C8A3C900F4DCE1 /* ProfileTableViewController.swift */ = {isa = PBXFileReference; lastKnownFileType = sourcecode.swift; path = ProfileTableViewController.swift; sourceTree = "<group>"; };
		CEB076EC29D2BF6700E5EB06 /* RealmManager.swift */ = {isa = PBXFileReference; lastKnownFileType = sourcecode.swift; path = RealmManager.swift; sourceTree = "<group>"; };
		CEB3908729C5DF0F00BF8FF2 /* FileStorage.swift */ = {isa = PBXFileReference; lastKnownFileType = sourcecode.swift; path = FileStorage.swift; sourceTree = "<group>"; };
		CEB3908929C62AE200BF8FF2 /* GlobalFunctions.swift */ = {isa = PBXFileReference; lastKnownFileType = sourcecode.swift; path = GlobalFunctions.swift; sourceTree = "<group>"; };
		CEC0564629CD681100171288 /* ChatsTableViewController.swift */ = {isa = PBXFileReference; lastKnownFileType = sourcecode.swift; path = ChatsTableViewController.swift; sourceTree = "<group>"; };
		CECCA84F29D4107200A4EBA9 /* FirebaseMessageListener.swift */ = {isa = PBXFileReference; lastKnownFileType = sourcecode.swift; path = FirebaseMessageListener.swift; sourceTree = "<group>"; };
		CEE7766429C9ED410082E3E2 /* RecentChat.swift */ = {isa = PBXFileReference; lastKnownFileType = sourcecode.swift; path = RecentChat.swift; sourceTree = "<group>"; };
		CEE7766629CA14D40082E3E2 /* RecentTableViewCell.swift */ = {isa = PBXFileReference; lastKnownFileType = sourcecode.swift; path = RecentTableViewCell.swift; sourceTree = "<group>"; };
		CEE9C8EF29BCA468005F51A0 /* Messenger.app */ = {isa = PBXFileReference; explicitFileType = wrapper.application; includeInIndex = 0; path = Messenger.app; sourceTree = BUILT_PRODUCTS_DIR; };
		CEE9C8F229BCA468005F51A0 /* AppDelegate.swift */ = {isa = PBXFileReference; lastKnownFileType = sourcecode.swift; path = AppDelegate.swift; sourceTree = "<group>"; };
		CEE9C8F429BCA468005F51A0 /* SceneDelegate.swift */ = {isa = PBXFileReference; lastKnownFileType = sourcecode.swift; path = SceneDelegate.swift; sourceTree = "<group>"; };
		CEE9C8F629BCA468005F51A0 /* LoginViewController.swift */ = {isa = PBXFileReference; lastKnownFileType = sourcecode.swift; path = LoginViewController.swift; sourceTree = "<group>"; };
		CEE9C8F929BCA468005F51A0 /* Base */ = {isa = PBXFileReference; lastKnownFileType = file.storyboard; name = Base; path = Base.lproj/Main.storyboard; sourceTree = "<group>"; };
		CEE9C8FB29BCA46A005F51A0 /* Assets.xcassets */ = {isa = PBXFileReference; lastKnownFileType = folder.assetcatalog; path = Assets.xcassets; sourceTree = "<group>"; };
		CEE9C8FE29BCA46A005F51A0 /* Base */ = {isa = PBXFileReference; lastKnownFileType = file.storyboard; name = Base; path = Base.lproj/LaunchScreen.storyboard; sourceTree = "<group>"; };
		CEE9C90029BCA46A005F51A0 /* Info.plist */ = {isa = PBXFileReference; lastKnownFileType = text.plist.xml; path = Info.plist; sourceTree = "<group>"; };
		CEE9C90629BCB350005F51A0 /* GoogleService-Info.plist */ = {isa = PBXFileReference; fileEncoding = 4; lastKnownFileType = text.plist.xml; path = "GoogleService-Info.plist"; sourceTree = "<group>"; };
		CEED025929D2DE18006EF2DF /* OutgoingMessage.swift */ = {isa = PBXFileReference; lastKnownFileType = sourcecode.swift; path = OutgoingMessage.swift; sourceTree = "<group>"; };
		CEF209D629CAD98600523AA7 /* StartChat.swift */ = {isa = PBXFileReference; lastKnownFileType = sourcecode.swift; path = StartChat.swift; sourceTree = "<group>"; };
		CEF209D829CADEC300523AA7 /* FirebaseRecentListener.swift */ = {isa = PBXFileReference; lastKnownFileType = sourcecode.swift; path = FirebaseRecentListener.swift; sourceTree = "<group>"; };
		CEFAB41D29C6F668007E478A /* Extensions.swift */ = {isa = PBXFileReference; lastKnownFileType = sourcecode.swift; path = Extensions.swift; sourceTree = "<group>"; };
		CEFAB41F29C7204E007E478A /* Status.swift */ = {isa = PBXFileReference; lastKnownFileType = sourcecode.swift; path = Status.swift; sourceTree = "<group>"; };
		CEFAB42129C72650007E478A /* StatusTableViewController.swift */ = {isa = PBXFileReference; lastKnownFileType = sourcecode.swift; path = StatusTableViewController.swift; sourceTree = "<group>"; };
/* End PBXFileReference section */

/* Begin PBXFrameworksBuildPhase section */
		CEE9C8EC29BCA468005F51A0 /* Frameworks */ = {
			isa = PBXFrameworksBuildPhase;
			buildActionMask = 2147483647;
			files = (
				CE6882B529D0189C00897121 /* RealmSwift in Frameworks */,
				CE6882B329D0189C00897121 /* Realm in Frameworks */,
				23BD8AF868310680D9CD75E7 /* Pods_Messenger.framework in Frameworks */,
			);
			runOnlyForDeploymentPostprocessing = 0;
		};
/* End PBXFrameworksBuildPhase section */

/* Begin PBXGroup section */
		7366635A7CD429B2CB206FBC /* Frameworks */ = {
			isa = PBXGroup;
			children = (
				580924D15B3A730460B00BD7 /* Pods_Messenger.framework */,
			);
			name = Frameworks;
			sourceTree = "<group>";
		};
		75638B786D5A18DA877DE073 /* Pods */ = {
			isa = PBXGroup;
			children = (
				3085B3B9AEF3163C24573514 /* Pods-Messenger.debug.xcconfig */,
				43658DC4D63099FB9F85336F /* Pods-Messenger.release.xcconfig */,
			);
			path = Pods;
			sourceTree = "<group>";
		};
		CE2EF63829D1E30B008D48C7 /* RealmMessages */ = {
			isa = PBXGroup;
			children = (
				CE2EF63629D1E2FC008D48C7 /* LocalMessage.swift */,
				CEB076EC29D2BF6700E5EB06 /* RealmManager.swift */,
			);
			path = RealmMessages;
			sourceTree = "<group>";
		};
		CE57077029C052F90023CC4A /* Helpers */ = {
			isa = PBXGroup;
			children = (
				CE91D46229BDC158002B88CB /* Constant.swift */,
				CEB3908929C62AE200BF8FF2 /* GlobalFunctions.swift */,
				CEF209D629CAD98600523AA7 /* StartChat.swift */,
				CEFAB41D29C6F668007E478A /* Extensions.swift */,
				CE2EF63229D1D390008D48C7 /* MessageKitDefaults.swift */,
			);
			path = Helpers;
			sourceTree = "<group>";
		};
		CE6882B829D0519300897121 /* ChatViewExtensions */ = {
			isa = PBXGroup;
			children = (
				CE6882B629D0518D00897121 /* MessageDataSource.swift */,
				CE6882B929D051C400897121 /* MessageCellDelegate.swift */,
				CE6882BB29D051EA00897121 /* MessageDisplayDelegate.swift */,
				CE6882BD29D0520200897121 /* MessageLayoutDelegate.swift */,
				CE6882BF29D0522700897121 /* InputBarAccessoryViewDelegate.swift */,
			);
			path = ChatViewExtensions;
			sourceTree = "<group>";
		};
		CE91D45F29BDBF4D002B88CB /* Model */ = {
			isa = PBXGroup;
			children = (
				CE91D45D29BDBF3D002B88CB /* User.swift */,
				CEFAB41F29C7204E007E478A /* Status.swift */,
				CEE7766429C9ED410082E3E2 /* RecentChat.swift */,
				CE2EF63429D1D883008D48C7 /* MkMessage.swift */,
				CEED025929D2DE18006EF2DF /* OutgoingMessage.swift */,
				CE2EF63829D1E30B008D48C7 /* RealmMessages */,
			);
			path = Model;
			sourceTree = "<group>";
		};
		CE91D46629BDC5B1002B88CB /* FirebaseHelpers */ = {
			isa = PBXGroup;
			children = (
				CE91D46429BDC468002B88CB /* FCollectionReference.swift */,
				CE91D46729BDF1F7002B88CB /* FirebaseUserListener.swift */,
				CEF209D829CADEC300523AA7 /* FirebaseRecentListener.swift */,
				CECCA84F29D4107200A4EBA9 /* FirebaseMessageListener.swift */,
				CEB3908729C5DF0F00BF8FF2 /* FileStorage.swift */,
			);
			path = FirebaseHelpers;
			sourceTree = "<group>";
		};
		CEACE64729C8A2ED00F4DCE1 /* LoginViews */ = {
			isa = PBXGroup;
			children = (
				CEE9C8F629BCA468005F51A0 /* LoginViewController.swift */,
			);
			path = LoginViews;
			sourceTree = "<group>";
		};
		CEACE64829C8A30000F4DCE1 /* CustomCells */ = {
			isa = PBXGroup;
			children = (
				CE9E465E29C7733800557199 /* UserTableViewCell.swift */,
				CEE7766629CA14D40082E3E2 /* RecentTableViewCell.swift */,
			);
			path = CustomCells;
			sourceTree = "<group>";
		};
		CEACE64929C8A33300F4DCE1 /* MainViews */ = {
			isa = PBXGroup;
			children = (
				CE9E466029C7736300557199 /* UsersTableViewController.swift */,
				CEC0564629CD681100171288 /* ChatsTableViewController.swift */,
			);
			path = MainViews;
			sourceTree = "<group>";
		};
		CEACE64C29C8A3CD00F4DCE1 /* SecondaryViews */ = {
			isa = PBXGroup;
			children = (
				CEACE64A29C8A3C900F4DCE1 /* ProfileTableViewController.swift */,
				CE1198EC29CEC8A200BA3207 /* ChatViewController.swift */,
				CE6882B829D0519300897121 /* ChatViewExtensions */,
			);
			path = SecondaryViews;
			sourceTree = "<group>";
		};
		CEACE64D29C8A42B00F4DCE1 /* SettingsView */ = {
			isa = PBXGroup;
			children = (
				CE773ED329C3567F00629DE3 /* SettingsTableViewController.swift */,
				CE6A448A29C4B31B001A7DAF /* EditProfileTableViewController.swift */,
				CEFAB42129C72650007E478A /* StatusTableViewController.swift */,
			);
			path = SettingsView;
			sourceTree = "<group>";
		};
		CEE9C8E629BCA468005F51A0 = {
			isa = PBXGroup;
			children = (
				CEE9C8F129BCA468005F51A0 /* Messenger */,
				CEE9C8F029BCA468005F51A0 /* Products */,
				75638B786D5A18DA877DE073 /* Pods */,
				7366635A7CD429B2CB206FBC /* Frameworks */,
			);
			sourceTree = "<group>";
		};
		CEE9C8F029BCA468005F51A0 /* Products */ = {
			isa = PBXGroup;
			children = (
				CEE9C8EF29BCA468005F51A0 /* Messenger.app */,
			);
			name = Products;
			sourceTree = "<group>";
		};
		CEE9C8F129BCA468005F51A0 /* Messenger */ = {
			isa = PBXGroup;
			children = (
				CEE9C8F229BCA468005F51A0 /* AppDelegate.swift */,
				CEE9C8F429BCA468005F51A0 /* SceneDelegate.swift */,
				CEACE64929C8A33300F4DCE1 /* MainViews */,
				CEACE64C29C8A3CD00F4DCE1 /* SecondaryViews */,
				CEACE64729C8A2ED00F4DCE1 /* LoginViews */,
				CEACE64829C8A30000F4DCE1 /* CustomCells */,
				CEACE64D29C8A42B00F4DCE1 /* SettingsView */,
				CE91D46629BDC5B1002B88CB /* FirebaseHelpers */,
				CE91D45F29BDBF4D002B88CB /* Model */,
				CE57077029C052F90023CC4A /* Helpers */,
				CEE9C8F829BCA468005F51A0 /* Main.storyboard */,
				CEE9C8FB29BCA46A005F51A0 /* Assets.xcassets */,
				CEE9C8FD29BCA46A005F51A0 /* LaunchScreen.storyboard */,
				CEE9C90029BCA46A005F51A0 /* Info.plist */,
				CEE9C90629BCB350005F51A0 /* GoogleService-Info.plist */,
			);
			path = Messenger;
			sourceTree = "<group>";
		};
/* End PBXGroup section */

/* Begin PBXNativeTarget section */
		CEE9C8EE29BCA468005F51A0 /* Messenger */ = {
			isa = PBXNativeTarget;
			buildConfigurationList = CEE9C90329BCA46A005F51A0 /* Build configuration list for PBXNativeTarget "Messenger" */;
			buildPhases = (
				CCBBA998C4F477DA3BB55013 /* [CP] Check Pods Manifest.lock */,
				CEE9C8EB29BCA468005F51A0 /* Sources */,
				CEE9C8EC29BCA468005F51A0 /* Frameworks */,
				CEE9C8ED29BCA468005F51A0 /* Resources */,
				7A3986D74E7D3BC5A796A940 /* [CP] Embed Pods Frameworks */,
			);
			buildRules = (
			);
			dependencies = (
			);
			name = Messenger;
			packageProductDependencies = (
				CE6882B229D0189C00897121 /* Realm */,
				CE6882B429D0189C00897121 /* RealmSwift */,
			);
			productName = Messenger;
			productReference = CEE9C8EF29BCA468005F51A0 /* Messenger.app */;
			productType = "com.apple.product-type.application";
		};
/* End PBXNativeTarget section */

/* Begin PBXProject section */
		CEE9C8E729BCA468005F51A0 /* Project object */ = {
			isa = PBXProject;
			attributes = {
				BuildIndependentTargetsInParallel = 1;
				LastSwiftUpdateCheck = 1410;
				LastUpgradeCheck = 1410;
				TargetAttributes = {
					CEE9C8EE29BCA468005F51A0 = {
						CreatedOnToolsVersion = 14.1;
					};
				};
			};
			buildConfigurationList = CEE9C8EA29BCA468005F51A0 /* Build configuration list for PBXProject "Messenger" */;
			compatibilityVersion = "Xcode 13.0";
			developmentRegion = en;
			hasScannedForEncodings = 0;
			knownRegions = (
				en,
				Base,
			);
			mainGroup = CEE9C8E629BCA468005F51A0;
			packageReferences = (
				CE6882B129D0189C00897121 /* XCRemoteSwiftPackageReference "realm-swift" */,
			);
			productRefGroup = CEE9C8F029BCA468005F51A0 /* Products */;
			projectDirPath = "";
			projectRoot = "";
			targets = (
				CEE9C8EE29BCA468005F51A0 /* Messenger */,
			);
		};
/* End PBXProject section */

/* Begin PBXResourcesBuildPhase section */
		CEE9C8ED29BCA468005F51A0 /* Resources */ = {
			isa = PBXResourcesBuildPhase;
			buildActionMask = 2147483647;
			files = (
				CEE9C8FF29BCA46A005F51A0 /* LaunchScreen.storyboard in Resources */,
				CEE9C90729BCB353005F51A0 /* GoogleService-Info.plist in Resources */,
				CEE9C8FC29BCA46A005F51A0 /* Assets.xcassets in Resources */,
				CEE9C8FA29BCA468005F51A0 /* Main.storyboard in Resources */,
			);
			runOnlyForDeploymentPostprocessing = 0;
		};
/* End PBXResourcesBuildPhase section */

/* Begin PBXShellScriptBuildPhase section */
		7A3986D74E7D3BC5A796A940 /* [CP] Embed Pods Frameworks */ = {
			isa = PBXShellScriptBuildPhase;
			buildActionMask = 2147483647;
			files = (
			);
			inputFileListPaths = (
				"${PODS_ROOT}/Target Support Files/Pods-Messenger/Pods-Messenger-frameworks-${CONFIGURATION}-input-files.xcfilelist",
			);
			name = "[CP] Embed Pods Frameworks";
			outputFileListPaths = (
				"${PODS_ROOT}/Target Support Files/Pods-Messenger/Pods-Messenger-frameworks-${CONFIGURATION}-output-files.xcfilelist",
			);
			runOnlyForDeploymentPostprocessing = 0;
			shellPath = /bin/sh;
			shellScript = "\"${PODS_ROOT}/Target Support Files/Pods-Messenger/Pods-Messenger-frameworks.sh\"\n";
			showEnvVarsInLog = 0;
		};
		CCBBA998C4F477DA3BB55013 /* [CP] Check Pods Manifest.lock */ = {
			isa = PBXShellScriptBuildPhase;
			buildActionMask = 2147483647;
			files = (
			);
			inputFileListPaths = (
			);
			inputPaths = (
				"${PODS_PODFILE_DIR_PATH}/Podfile.lock",
				"${PODS_ROOT}/Manifest.lock",
			);
			name = "[CP] Check Pods Manifest.lock";
			outputFileListPaths = (
			);
			outputPaths = (
				"$(DERIVED_FILE_DIR)/Pods-Messenger-checkManifestLockResult.txt",
			);
			runOnlyForDeploymentPostprocessing = 0;
			shellPath = /bin/sh;
			shellScript = "diff \"${PODS_PODFILE_DIR_PATH}/Podfile.lock\" \"${PODS_ROOT}/Manifest.lock\" > /dev/null\nif [ $? != 0 ] ; then\n    # print error to STDERR\n    echo \"error: The sandbox is not in sync with the Podfile.lock. Run 'pod install' or update your CocoaPods installation.\" >&2\n    exit 1\nfi\n# This output is used by Xcode 'outputs' to avoid re-running this script phase.\necho \"SUCCESS\" > \"${SCRIPT_OUTPUT_FILE_0}\"\n";
			showEnvVarsInLog = 0;
		};
/* End PBXShellScriptBuildPhase section */

/* Begin PBXSourcesBuildPhase section */
		CEE9C8EB29BCA468005F51A0 /* Sources */ = {
			isa = PBXSourcesBuildPhase;
			buildActionMask = 2147483647;
			files = (
				CEE7766529C9ED410082E3E2 /* RecentChat.swift in Sources */,
				CE2EF63729D1E2FC008D48C7 /* LocalMessage.swift in Sources */,
				CEB3908A29C62AE200BF8FF2 /* GlobalFunctions.swift in Sources */,
				CE91D46529BDC469002B88CB /* FCollectionReference.swift in Sources */,
				CEF209D929CADEC300523AA7 /* FirebaseRecentListener.swift in Sources */,
				CE9E466129C7736300557199 /* UsersTableViewController.swift in Sources */,
				CE6882C029D0522700897121 /* InputBarAccessoryViewDelegate.swift in Sources */,
				CE2EF63329D1D390008D48C7 /* MessageKitDefaults.swift in Sources */,
				CE6882BA29D051C400897121 /* MessageCellDelegate.swift in Sources */,
				CEB3908829C5DF0F00BF8FF2 /* FileStorage.swift in Sources */,
				CE91D45E29BDBF3D002B88CB /* User.swift in Sources */,
				CE9E465F29C7733800557199 /* UserTableViewCell.swift in Sources */,
				CEE9C8F729BCA468005F51A0 /* LoginViewController.swift in Sources */,
				CEACE64B29C8A3C900F4DCE1 /* ProfileTableViewController.swift in Sources */,
				CE91D46329BDC158002B88CB /* Constant.swift in Sources */,
				CEED025A29D2DE18006EF2DF /* OutgoingMessage.swift in Sources */,
				CE773ED429C3567F00629DE3 /* SettingsTableViewController.swift in Sources */,
				CEFAB41E29C6F668007E478A /* Extensions.swift in Sources */,
				CE6A448B29C4B31B001A7DAF /* EditProfileTableViewController.swift in Sources */,
				CEFAB42229C72650007E478A /* StatusTableViewController.swift in Sources */,
				CEFAB42029C7204E007E478A /* Status.swift in Sources */,
				CE2EF63529D1D883008D48C7 /* MkMessage.swift in Sources */,
				CE1198ED29CEC8A200BA3207 /* ChatViewController.swift in Sources */,
				CEE9C8F329BCA468005F51A0 /* AppDelegate.swift in Sources */,
				CE6882BC29D051EA00897121 /* MessageDisplayDelegate.swift in Sources */,
				CE6882B729D0518D00897121 /* MessageDataSource.swift in Sources */,
				CECCA85029D4107200A4EBA9 /* FirebaseMessageListener.swift in Sources */,
				CEB076ED29D2BF6700E5EB06 /* RealmManager.swift in Sources */,
				CEC0564729CD681100171288 /* ChatsTableViewController.swift in Sources */,
				CE6882BE29D0520200897121 /* MessageLayoutDelegate.swift in Sources */,
				CEF209D729CAD98600523AA7 /* StartChat.swift in Sources */,
				CE91D46829BDF1F7002B88CB /* FirebaseUserListener.swift in Sources */,
				CEE9C8F529BCA468005F51A0 /* SceneDelegate.swift in Sources */,
				CEE7766729CA14D40082E3E2 /* RecentTableViewCell.swift in Sources */,
			);
			runOnlyForDeploymentPostprocessing = 0;
		};
/* End PBXSourcesBuildPhase section */

/* Begin PBXVariantGroup section */
		CEE9C8F829BCA468005F51A0 /* Main.storyboard */ = {
			isa = PBXVariantGroup;
			children = (
				CEE9C8F929BCA468005F51A0 /* Base */,
			);
			name = Main.storyboard;
			sourceTree = "<group>";
		};
		CEE9C8FD29BCA46A005F51A0 /* LaunchScreen.storyboard */ = {
			isa = PBXVariantGroup;
			children = (
				CEE9C8FE29BCA46A005F51A0 /* Base */,
			);
			name = LaunchScreen.storyboard;
			sourceTree = "<group>";
		};
/* End PBXVariantGroup section */

/* Begin XCBuildConfiguration section */
		CEE9C90129BCA46A005F51A0 /* Debug */ = {
			isa = XCBuildConfiguration;
			buildSettings = {
				ALWAYS_SEARCH_USER_PATHS = NO;
				CLANG_ANALYZER_NONNULL = YES;
				CLANG_ANALYZER_NUMBER_OBJECT_CONVERSION = YES_AGGRESSIVE;
				CLANG_CXX_LANGUAGE_STANDARD = "gnu++20";
				CLANG_ENABLE_MODULES = YES;
				CLANG_ENABLE_OBJC_ARC = YES;
				CLANG_ENABLE_OBJC_WEAK = YES;
				CLANG_WARN_BLOCK_CAPTURE_AUTORELEASING = YES;
				CLANG_WARN_BOOL_CONVERSION = YES;
				CLANG_WARN_COMMA = YES;
				CLANG_WARN_CONSTANT_CONVERSION = YES;
				CLANG_WARN_DEPRECATED_OBJC_IMPLEMENTATIONS = YES;
				CLANG_WARN_DIRECT_OBJC_ISA_USAGE = YES_ERROR;
				CLANG_WARN_DOCUMENTATION_COMMENTS = YES;
				CLANG_WARN_EMPTY_BODY = YES;
				CLANG_WARN_ENUM_CONVERSION = YES;
				CLANG_WARN_INFINITE_RECURSION = YES;
				CLANG_WARN_INT_CONVERSION = YES;
				CLANG_WARN_NON_LITERAL_NULL_CONVERSION = YES;
				CLANG_WARN_OBJC_IMPLICIT_RETAIN_SELF = YES;
				CLANG_WARN_OBJC_LITERAL_CONVERSION = YES;
				CLANG_WARN_OBJC_ROOT_CLASS = YES_ERROR;
				CLANG_WARN_QUOTED_INCLUDE_IN_FRAMEWORK_HEADER = YES;
				CLANG_WARN_RANGE_LOOP_ANALYSIS = YES;
				CLANG_WARN_STRICT_PROTOTYPES = YES;
				CLANG_WARN_SUSPICIOUS_MOVE = YES;
				CLANG_WARN_UNGUARDED_AVAILABILITY = YES_AGGRESSIVE;
				CLANG_WARN_UNREACHABLE_CODE = YES;
				CLANG_WARN__DUPLICATE_METHOD_MATCH = YES;
				COPY_PHASE_STRIP = NO;
				DEBUG_INFORMATION_FORMAT = dwarf;
				ENABLE_STRICT_OBJC_MSGSEND = YES;
				ENABLE_TESTABILITY = YES;
				GCC_C_LANGUAGE_STANDARD = gnu11;
				GCC_DYNAMIC_NO_PIC = NO;
				GCC_NO_COMMON_BLOCKS = YES;
				GCC_OPTIMIZATION_LEVEL = 0;
				GCC_PREPROCESSOR_DEFINITIONS = (
					"DEBUG=1",
					"$(inherited)",
				);
				GCC_WARN_64_TO_32_BIT_CONVERSION = YES;
				GCC_WARN_ABOUT_RETURN_TYPE = YES_ERROR;
				GCC_WARN_UNDECLARED_SELECTOR = YES;
				GCC_WARN_UNINITIALIZED_AUTOS = YES_AGGRESSIVE;
				GCC_WARN_UNUSED_FUNCTION = YES;
				GCC_WARN_UNUSED_VARIABLE = YES;
				IPHONEOS_DEPLOYMENT_TARGET = 16.1;
				MTL_ENABLE_DEBUG_INFO = INCLUDE_SOURCE;
				MTL_FAST_MATH = YES;
				ONLY_ACTIVE_ARCH = YES;
				SDKROOT = iphoneos;
				SWIFT_ACTIVE_COMPILATION_CONDITIONS = DEBUG;
				SWIFT_OPTIMIZATION_LEVEL = "-Onone";
			};
			name = Debug;
		};
		CEE9C90229BCA46A005F51A0 /* Release */ = {
			isa = XCBuildConfiguration;
			buildSettings = {
				ALWAYS_SEARCH_USER_PATHS = NO;
				CLANG_ANALYZER_NONNULL = YES;
				CLANG_ANALYZER_NUMBER_OBJECT_CONVERSION = YES_AGGRESSIVE;
				CLANG_CXX_LANGUAGE_STANDARD = "gnu++20";
				CLANG_ENABLE_MODULES = YES;
				CLANG_ENABLE_OBJC_ARC = YES;
				CLANG_ENABLE_OBJC_WEAK = YES;
				CLANG_WARN_BLOCK_CAPTURE_AUTORELEASING = YES;
				CLANG_WARN_BOOL_CONVERSION = YES;
				CLANG_WARN_COMMA = YES;
				CLANG_WARN_CONSTANT_CONVERSION = YES;
				CLANG_WARN_DEPRECATED_OBJC_IMPLEMENTATIONS = YES;
				CLANG_WARN_DIRECT_OBJC_ISA_USAGE = YES_ERROR;
				CLANG_WARN_DOCUMENTATION_COMMENTS = YES;
				CLANG_WARN_EMPTY_BODY = YES;
				CLANG_WARN_ENUM_CONVERSION = YES;
				CLANG_WARN_INFINITE_RECURSION = YES;
				CLANG_WARN_INT_CONVERSION = YES;
				CLANG_WARN_NON_LITERAL_NULL_CONVERSION = YES;
				CLANG_WARN_OBJC_IMPLICIT_RETAIN_SELF = YES;
				CLANG_WARN_OBJC_LITERAL_CONVERSION = YES;
				CLANG_WARN_OBJC_ROOT_CLASS = YES_ERROR;
				CLANG_WARN_QUOTED_INCLUDE_IN_FRAMEWORK_HEADER = YES;
				CLANG_WARN_RANGE_LOOP_ANALYSIS = YES;
				CLANG_WARN_STRICT_PROTOTYPES = YES;
				CLANG_WARN_SUSPICIOUS_MOVE = YES;
				CLANG_WARN_UNGUARDED_AVAILABILITY = YES_AGGRESSIVE;
				CLANG_WARN_UNREACHABLE_CODE = YES;
				CLANG_WARN__DUPLICATE_METHOD_MATCH = YES;
				COPY_PHASE_STRIP = NO;
				DEBUG_INFORMATION_FORMAT = "dwarf-with-dsym";
				ENABLE_NS_ASSERTIONS = NO;
				ENABLE_STRICT_OBJC_MSGSEND = YES;
				GCC_C_LANGUAGE_STANDARD = gnu11;
				GCC_NO_COMMON_BLOCKS = YES;
				GCC_WARN_64_TO_32_BIT_CONVERSION = YES;
				GCC_WARN_ABOUT_RETURN_TYPE = YES_ERROR;
				GCC_WARN_UNDECLARED_SELECTOR = YES;
				GCC_WARN_UNINITIALIZED_AUTOS = YES_AGGRESSIVE;
				GCC_WARN_UNUSED_FUNCTION = YES;
				GCC_WARN_UNUSED_VARIABLE = YES;
				IPHONEOS_DEPLOYMENT_TARGET = 16.1;
				MTL_ENABLE_DEBUG_INFO = NO;
				MTL_FAST_MATH = YES;
				SDKROOT = iphoneos;
				SWIFT_COMPILATION_MODE = wholemodule;
				SWIFT_OPTIMIZATION_LEVEL = "-O";
				VALIDATE_PRODUCT = YES;
			};
			name = Release;
		};
		CEE9C90429BCA46A005F51A0 /* Debug */ = {
			isa = XCBuildConfiguration;
			baseConfigurationReference = 3085B3B9AEF3163C24573514 /* Pods-Messenger.debug.xcconfig */;
			buildSettings = {
				ASSETCATALOG_COMPILER_APPICON_NAME = AppIcon;
				ASSETCATALOG_COMPILER_GLOBAL_ACCENT_COLOR_NAME = AccentColor;
				CODE_SIGN_STYLE = Automatic;
				CURRENT_PROJECT_VERSION = 1;
				DEVELOPMENT_TEAM = F9GL24RSF8;
				GENERATE_INFOPLIST_FILE = YES;
				INFOPLIST_FILE = Messenger/Info.plist;
				INFOPLIST_KEY_NSAppleMusicUsageDescription = "$(PRODUCT_NAME) would like to use your media library";
				INFOPLIST_KEY_NSCameraUsageDescription = "$(PRODUCT_NAME) would like to use your camera";
				INFOPLIST_KEY_NSPhotoLibraryUsageDescription = "$(PRODUCT_NAME) would like to use your photo library";
				INFOPLIST_KEY_UIApplicationSupportsIndirectInputEvents = YES;
				INFOPLIST_KEY_UILaunchStoryboardName = LaunchScreen;
				INFOPLIST_KEY_UIMainStoryboardFile = Main;
				INFOPLIST_KEY_UISupportedInterfaceOrientations_iPad = "UIInterfaceOrientationPortrait UIInterfaceOrientationPortraitUpsideDown UIInterfaceOrientationLandscapeLeft UIInterfaceOrientationLandscapeRight";
				INFOPLIST_KEY_UISupportedInterfaceOrientations_iPhone = "UIInterfaceOrientationPortrait UIInterfaceOrientationLandscapeLeft UIInterfaceOrientationLandscapeRight";
				LD_RUNPATH_SEARCH_PATHS = (
					"$(inherited)",
					"@executable_path/Frameworks",
				);
				MARKETING_VERSION = 1.0;
				PRODUCT_BUNDLE_IDENTIFIER = com.znun.Messenger;
				PRODUCT_NAME = "$(TARGET_NAME)";
				SWIFT_EMIT_LOC_STRINGS = YES;
				SWIFT_VERSION = 5.0;
				TARGETED_DEVICE_FAMILY = "1,2";
			};
			name = Debug;
		};
		CEE9C90529BCA46A005F51A0 /* Release */ = {
			isa = XCBuildConfiguration;
			baseConfigurationReference = 43658DC4D63099FB9F85336F /* Pods-Messenger.release.xcconfig */;
			buildSettings = {
				ASSETCATALOG_COMPILER_APPICON_NAME = AppIcon;
				ASSETCATALOG_COMPILER_GLOBAL_ACCENT_COLOR_NAME = AccentColor;
				CODE_SIGN_STYLE = Automatic;
				CURRENT_PROJECT_VERSION = 1;
				DEVELOPMENT_TEAM = F9GL24RSF8;
				GENERATE_INFOPLIST_FILE = YES;
				INFOPLIST_FILE = Messenger/Info.plist;
				INFOPLIST_KEY_NSAppleMusicUsageDescription = "$(PRODUCT_NAME) would like to use your media library";
				INFOPLIST_KEY_NSCameraUsageDescription = "$(PRODUCT_NAME) would like to use your camera";
				INFOPLIST_KEY_NSPhotoLibraryUsageDescription = "$(PRODUCT_NAME) would like to use your photo library";
				INFOPLIST_KEY_UIApplicationSupportsIndirectInputEvents = YES;
				INFOPLIST_KEY_UILaunchStoryboardName = LaunchScreen;
				INFOPLIST_KEY_UIMainStoryboardFile = Main;
				INFOPLIST_KEY_UISupportedInterfaceOrientations_iPad = "UIInterfaceOrientationPortrait UIInterfaceOrientationPortraitUpsideDown UIInterfaceOrientationLandscapeLeft UIInterfaceOrientationLandscapeRight";
				INFOPLIST_KEY_UISupportedInterfaceOrientations_iPhone = "UIInterfaceOrientationPortrait UIInterfaceOrientationLandscapeLeft UIInterfaceOrientationLandscapeRight";
				LD_RUNPATH_SEARCH_PATHS = (
					"$(inherited)",
					"@executable_path/Frameworks",
				);
				MARKETING_VERSION = 1.0;
				PRODUCT_BUNDLE_IDENTIFIER = com.znun.Messenger;
				PRODUCT_NAME = "$(TARGET_NAME)";
				SWIFT_EMIT_LOC_STRINGS = YES;
				SWIFT_VERSION = 5.0;
				TARGETED_DEVICE_FAMILY = "1,2";
			};
			name = Release;
		};
/* End XCBuildConfiguration section */

/* Begin XCConfigurationList section */
		CEE9C8EA29BCA468005F51A0 /* Build configuration list for PBXProject "Messenger" */ = {
			isa = XCConfigurationList;
			buildConfigurations = (
				CEE9C90129BCA46A005F51A0 /* Debug */,
				CEE9C90229BCA46A005F51A0 /* Release */,
			);
			defaultConfigurationIsVisible = 0;
			defaultConfigurationName = Release;
		};
		CEE9C90329BCA46A005F51A0 /* Build configuration list for PBXNativeTarget "Messenger" */ = {
			isa = XCConfigurationList;
			buildConfigurations = (
				CEE9C90429BCA46A005F51A0 /* Debug */,
				CEE9C90529BCA46A005F51A0 /* Release */,
			);
			defaultConfigurationIsVisible = 0;
			defaultConfigurationName = Release;
		};
/* End XCConfigurationList section */

/* Begin XCRemoteSwiftPackageReference section */
		CE6882B129D0189C00897121 /* XCRemoteSwiftPackageReference "realm-swift" */ = {
			isa = XCRemoteSwiftPackageReference;
			repositoryURL = "https://github.com/realm/realm-swift.git";
			requirement = {
				branch = master;
				kind = branch;
			};
		};
/* End XCRemoteSwiftPackageReference section */

/* Begin XCSwiftPackageProductDependency section */
		CE6882B229D0189C00897121 /* Realm */ = {
			isa = XCSwiftPackageProductDependency;
			package = CE6882B129D0189C00897121 /* XCRemoteSwiftPackageReference "realm-swift" */;
			productName = Realm;
		};
		CE6882B429D0189C00897121 /* RealmSwift */ = {
			isa = XCSwiftPackageProductDependency;
			package = CE6882B129D0189C00897121 /* XCRemoteSwiftPackageReference "realm-swift" */;
			productName = RealmSwift;
		};
/* End XCSwiftPackageProductDependency section */
	};
	rootObject = CEE9C8E729BCA468005F51A0 /* Project object */;
}
